
Microsoft Visual Studio Solution File, Format Version 12.00
# Visual Studio 15
VisualStudioVersion = 15.0.27428.2037
MinimumVisualStudioVersion = 10.0.40219.1
Project("{FAE04EC0-301F-11D3-BF4B-00C04F79EFBC}") = "MultiVideoPlayer", "EffectsVideoPlayer\MultiVideoPlayer.csproj", "{ADB4A0D2-3D45-44C9-8C20-822D992CC2D3}"
EndProject
Global
	GlobalSection(SolutionConfigurationPlatforms) = preSolution
		Debug|Any CPU = Debug|Any CPU
		Release|Any CPU = Release|Any CPU
	EndGlobalSection
	GlobalSection(ProjectConfigurationPlatforms) = postSolution
		{ADB4A0D2-3D45-44C9-8C20-822D992CC2D3}.Debug|Any CPU.ActiveCfg = Release|Any CPU
		{ADB4A0D2-3D45-44C9-8C20-822D992CC2D3}.Debug|Any CPU.Build.0 = Release|Any CPU
		{ADB4A0D2-3D45-44C9-8C20-822D992CC2D3}.Release|Any CPU.ActiveCfg = Release|Any CPU
		{ADB4A0D2-3D45-44C9-8C20-822D992CC2D3}.Release|Any CPU.Build.0 = Release|Any CPU
	EndGlobalSection
	GlobalSection(SolutionProperties) = preSolution
		HideSolutionNode = FALSE
	EndGlobalSection
	GlobalSection(ExtensibilityGlobals) = postSolution
		SolutionGuid = {DAD9BE4B-92CB-4C27-BC0B-1905BCC23A77}
	EndGlobalSection
EndGlobal
